
Microsoft Visual Studio Solution File, Format Version 12.00
# Visual Studio Version 17
VisualStudioVersion = 17.3.32922.545
MinimumVisualStudioVersion = 10.0.40219.1
Project("{FAE04EC0-301F-11D3-BF4B-00C04F79EFBC}") = "displayConsole", "displayConsole.csproj", "{208304F7-733F-457D-906D-A9BC843EB004}"
EndProject
Global
	GlobalSection(SolutionConfigurationPlatforms) = preSolution
		Debug|Any CPU = Debug|Any CPU
		Release|Any CPU = Release|Any CPU
	EndGlobalSection
	GlobalSection(ProjectConfigurationPlatforms) = postSolution
		{208304F7-733F-457D-906D-A9BC843EB004}.Debug|Any CPU.ActiveCfg = Debug|Any CPU
		{208304F7-733F-457D-906D-A9BC843EB004}.Debug|Any CPU.Build.0 = Debug|Any CPU
		{208304F7-733F-457D-906D-A9BC843EB004}.Release|Any CPU.ActiveCfg = Release|Any CPU
		{208304F7-733F-457D-906D-A9BC843EB004}.Release|Any CPU.Build.0 = Release|Any CPU
	EndGlobalSection
	GlobalSection(SolutionProperties) = preSolution
		HideSolutionNode = FALSE
	EndGlobalSection
	GlobalSection(ExtensibilityGlobals) = postSolution
		SolutionGuid = {24635CBA-BCE0-4D26-A056-D8B66D781DEB}
	EndGlobalSection
EndGlobal
