
Microsoft Visual Studio Solution File, Format Version 12.00
# Visual Studio Version 17
VisualStudioVersion = 17.3.32922.545
MinimumVisualStudioVersion = 10.0.40219.1
Project("{FAE04EC0-301F-11D3-BF4B-00C04F79EFBC}") = "sysCommandSender", "sysCommandSender.csproj", "{59584FB1-4758-4605-B291-BB4D5C1C29E2}"
EndProject
Global
	GlobalSection(SolutionConfigurationPlatforms) = preSolution
		Debug|Any CPU = Debug|Any CPU
		Release|Any CPU = Release|Any CPU
	EndGlobalSection
	GlobalSection(ProjectConfigurationPlatforms) = postSolution
		{59584FB1-4758-4605-B291-BB4D5C1C29E2}.Debug|Any CPU.ActiveCfg = Debug|Any CPU
		{59584FB1-4758-4605-B291-BB4D5C1C29E2}.Debug|Any CPU.Build.0 = Debug|Any CPU
		{59584FB1-4758-4605-B291-BB4D5C1C29E2}.Release|Any CPU.ActiveCfg = Release|Any CPU
		{59584FB1-4758-4605-B291-BB4D5C1C29E2}.Release|Any CPU.Build.0 = Release|Any CPU
	EndGlobalSection
	GlobalSection(SolutionProperties) = preSolution
		HideSolutionNode = FALSE
	EndGlobalSection
	GlobalSection(ExtensibilityGlobals) = postSolution
		SolutionGuid = {9CE98B7D-77BE-4106-A9E7-52CFE297F0E1}
	EndGlobalSection
EndGlobal
